
Microsoft Visual Studio Solution File, Format Version 12.00
# Visual Studio Version 16
VisualStudioVersion = 16.0.29311.281
MinimumVisualStudioVersion = 10.0.40219.1
Project("{FAE04EC0-301F-11D3-BF4B-00C04F79EFBC}") = "GridApplicationNew", "GridApplicationNew\GridApplicationNew.csproj", "{DA3B1E30-A22D-4776-84AA-A587C8E5E974}"
EndProject
Global
	GlobalSection(SolutionConfigurationPlatforms) = preSolution
		Debug|Any CPU = Debug|Any CPU
		Release|Any CPU = Release|Any CPU
	EndGlobalSection
	GlobalSection(ProjectConfigurationPlatforms) = postSolution
		{DA3B1E30-A22D-4776-84AA-A587C8E5E974}.Debug|Any CPU.ActiveCfg = Debug|Any CPU
		{DA3B1E30-A22D-4776-84AA-A587C8E5E974}.Debug|Any CPU.Build.0 = Debug|Any CPU
		{DA3B1E30-A22D-4776-84AA-A587C8E5E974}.Release|Any CPU.ActiveCfg = Release|Any CPU
		{DA3B1E30-A22D-4776-84AA-A587C8E5E974}.Release|Any CPU.Build.0 = Release|Any CPU
	EndGlobalSection
	GlobalSection(SolutionProperties) = preSolution
		HideSolutionNode = FALSE
	EndGlobalSection
	GlobalSection(ExtensibilityGlobals) = postSolution
		SolutionGuid = {F0287741-0B5D-4A1F-8BEA-7E7BD0F1AE60}
	EndGlobalSection
EndGlobal
