Microsoft Visual Studio Solution File, Format Version 12.00
# Visual Studio Version 17
VisualStudioVersion = 17.5.2.0
MinimumVisualStudioVersion = 10.0.40219.1
Project("{FAE04EC0-301F-11D3-BF4B-00C04F79EFBC}") = "GridApplicationNew", "GridApplicationNew.csproj", "{97E4067D-AC67-63C6-8AD6-88D065164729}"
EndProject
Global
	GlobalSection(SolutionConfigurationPlatforms) = preSolution
		Debug|Any CPU = Debug|Any CPU
		Release|Any CPU = Release|Any CPU
	EndGlobalSection
	GlobalSection(ProjectConfigurationPlatforms) = postSolution
		{97E4067D-AC67-63C6-8AD6-88D065164729}.Debug|Any CPU.ActiveCfg = Debug|Any CPU
		{97E4067D-AC67-63C6-8AD6-88D065164729}.Debug|Any CPU.Build.0 = Debug|Any CPU
		{97E4067D-AC67-63C6-8AD6-88D065164729}.Release|Any CPU.ActiveCfg = Release|Any CPU
		{97E4067D-AC67-63C6-8AD6-88D065164729}.Release|Any CPU.Build.0 = Release|Any CPU
	EndGlobalSection
	GlobalSection(SolutionProperties) = preSolution
		HideSolutionNode = FALSE
	EndGlobalSection
	GlobalSection(ExtensibilityGlobals) = postSolution
		SolutionGuid = {DCBE54CA-3959-4EB6-B5F2-36A2D434C7F0}
	EndGlobalSection
EndGlobal
